lockfileVersion: '9.0'

settings:
  autoInstallPeers: true
  excludeLinksFromLockfile: false

importers:

  .:
    dependencies:
      '@thi.ng/rdom':
        specifier: ^1.3.3
        version: 1.3.3
      '@thi.ng/rstream':
        specifier: ^8.4.3
        version: 8.4.3

packages:

  '@thi.ng/api@8.11.1':
    resolution: {integrity: sha512-040+C6WGLZXkqwTXJvMB8Rf8n/ZZzvKjDHu2JE2bFpi+0Spmtrt48iZzt2+5gqoTtjfUEuG4rQ3e7VNdvRepMA==}
    engines: {node: '>=18'}

  '@thi.ng/arrays@2.9.5':
    resolution: {integrity: sha512-gKmUHaXXc4n1Fu3STa6npWM/CgzCPXvx7dwUKHbuomhmFprEuNjhKH9okCqIxdKpJVCfTs4pSZravvI/9UopDQ==}
    engines: {node: '>=18'}

  '@thi.ng/associative@6.3.59':
    resolution: {integrity: sha512-K86DXbZqKL5HElrlRav6WqQ49erw7F+8RbwDI8WrXCSWas6kBYySPlRpUObCOX633b7yca3PM6A0L2TU3PgiBA==}
    engines: {node: '>=18'}

  '@thi.ng/atom@5.2.45':
    resolution: {integrity: sha512-Dv3HPqKSCgSrH/dCHuvgORC5b7OTSc/+jCqXXt8amCQfPLqnA663N2i8fIKh9iGMmuTTgDD12ekrMhIF124Gdw==}
    engines: {node: '>=18'}

  '@thi.ng/binary@3.4.24':
    resolution: {integrity: sha512-I5cr0wGnwvPW4kpDc/H1ZUvrmdarFR8Hcf1J3Gwqx+EQGXtAjX1x64/5Uphg9jFQLWGLHCiqHtPrr4UWQtUhEA==}
    engines: {node: '>=18'}

  '@thi.ng/checks@3.6.3':
    resolution: {integrity: sha512-tvAs6gEu4fB0f7t8v2/bYhuCcXHg4YC8RJpsOS8Jm4fbQWWPy5WEal3P6iuMUYf9trdHYlLu/IVH1q5354XIWw==}
    engines: {node: '>=18'}

  '@thi.ng/compare@2.3.4':
    resolution: {integrity: sha512-ZgQLaLMPvQ3h/gVvzc32lkUtLWmgXUDR35LR1Gmm6Q5bu8auwnc14efOquJvLJL0+7vJdRha9aww1oj55bCZXw==}
    engines: {node: '>=18'}

  '@thi.ng/compose@3.0.3':
    resolution: {integrity: sha512-J/KM2CzPIvnmKfXKbSqnMe5qmQXGXmtvo0rSEvTXqdkuba+YpjUQ9Cc/KaO+aZ/04jM7kszYZ97sXqmDRl1lUA==}
    engines: {node: '>=18'}

  '@thi.ng/dcons@3.2.112':
    resolution: {integrity: sha512-7eNiyQUgpa6NoB5sK98eAfgQRhL7tXGPOoa3PA7JUHOTK7J5Jz7ApO1BQKnUCj2BJx+6xOlVmXU+Xji4lS7TFA==}
    engines: {node: '>=18'}

  '@thi.ng/equiv@2.1.57':
    resolution: {integrity: sha512-kHzN+3QXsH/YZo+/JDUoR2Ovoeiv7u/oHzLyjgb6ffAoX8Pv9TBMnoFdK/3Qu1jyW4UfMjlRHIv0fNZzbtpYCw==}
    engines: {node: '>=18'}

  '@thi.ng/errors@2.5.6':
    resolution: {integrity: sha512-i2mNaye+ieK3lIugMRdjac12vgnwyq52wE6dMSF/PRN1hciY+zV+q9VObbL1X19Nqy/G5xMghIrzDOeIRcObLg==}
    engines: {node: '>=18'}

  '@thi.ng/hex@2.3.45':
    resolution: {integrity: sha512-1axVQm0BSJR9kq5bMZ06PSs9cEExxVqUPGYgTbX85gO0gan01f5dHQD7NFZCNoCX/IGjQwVwZ3a4V//kc+SZuQ==}
    engines: {node: '>=18'}

  '@thi.ng/hiccup@5.2.0':
    resolution: {integrity: sha512-bRd10NuJb5mUDeYdqKl/EJK0SOX6bJWHu4ZW6oLEa+IQmzYjzGRpHW1+sY1yHw0DgOHjkvJXgSZFrFUzXGQ3Rw==}
    engines: {node: '>=18'}

  '@thi.ng/logger@3.0.11':
    resolution: {integrity: sha512-QiWvwG9ALTMvoJ/+4CE+7AUcKJwBpgTAT+u9RVt1f2ZBokv6prsOVe9igo35tB8XIW4VcY4R3mKQ3l2WCARfjw==}
    engines: {node: '>=18'}

  '@thi.ng/math@5.10.12':
    resolution: {integrity: sha512-bD+uMMr3XRbxGTtGs4SNn0HJp7TUfmgIxd/F6zVkKjsym0G+77k6lsh4qheA52jKHNUdfZ+1sbdpA0s2U+MV5A==}
    engines: {node: '>=18'}

  '@thi.ng/memoize@3.3.3':
    resolution: {integrity: sha512-jVZphFKFD876xvEPBU8SPUx3u/6IggVAV2zmtPSms/VaCCl1ibSH14atYr+Vt8tIYMzJWnlHCYVaPaMByTtGfw==}
    engines: {node: '>=18'}

  '@thi.ng/paths@5.1.80':
    resolution: {integrity: sha512-GI9Yie2Ut4aC1NHFbU/EhXuBjqCJZVhJAyZaQzUJoAHEPhrh3qy122FEUuLiNcf33MERg7qcW1VFzhNS1Bs85Q==}
    engines: {node: '>=18'}

  '@thi.ng/prefixes@2.3.18':
    resolution: {integrity: sha512-YJe7c+Yhr8CssSb9LDUVKoTlntZ57/l19PV+LgIyY2vrddmOqxlb8z8bONErp2EpE47vSZ41H9jfTsHJmu1s0Q==}
    engines: {node: '>=18'}

  '@thi.ng/random@3.7.5':
    resolution: {integrity: sha512-IF2o9etZ73FUdM3fVtP4YTfYA3BUDv3SONSZNUOsZKlMsHDw1W4PbJlLReH58aNeWyX5qXEA01WqJ5ekjoXong==}
    engines: {node: '>=18'}

  '@thi.ng/rdom@1.3.3':
    resolution: {integrity: sha512-r7VJiFbYVNsrC62TGHfqRJWAdfsQwYew7aOTC7bU+PJR04+eyUQO7whrlJ2s2ZuOy6+2ZjXtmWES+mNfNysFdA==}
    engines: {node: '>=18'}

  '@thi.ng/rstream@8.4.3':
    resolution: {integrity: sha512-u42OnQlZ3ed5FzW8NyCV1o9QCXVhq7sgjohlJqfpe3Jntbc+9LtiRCuimkqnyJ5UI46VaqSokhjn/UFxvx95ng==}
    engines: {node: '>=18'}

  '@thi.ng/strings@3.7.32':
    resolution: {integrity: sha512-qhkYR6Vq5sDK5tI6CwXS5A+HecN1u3ASGU4vwzaiMS5PKrUvu10sG8Pw1PBfGpSLx8jy65KBNa+KtY9CAJXyug==}
    engines: {node: '>=18'}

  '@thi.ng/transducers@9.0.4':
    resolution: {integrity: sha512-zG94dC1mdO8lOHnVPHi1z8hFeLduWH4bplBxKSCPSFyATym4IipbyWPrGcuy5ekz9gr1CvaYTDeCe2R8XhoWZg==}
    engines: {node: '>=18'}

  tslib@2.6.2:
    resolution: {integrity: sha512-AEYxH93jGFPn/a2iVAwW87VuUIkR1FVUKB77NwMF7nBTDkDrrT/Hpt/IrCJ0QXhW27jTBDcf5ZY7w6RiqTMw2Q==}

snapshots:

  '@thi.ng/api@8.11.1': {}

  '@thi.ng/arrays@2.9.5':
    dependencies:
      '@thi.ng/api': 8.11.1
      '@thi.ng/checks': 3.6.3
      '@thi.ng/compare': 2.3.4
      '@thi.ng/equiv': 2.1.57
      '@thi.ng/errors': 2.5.6
      '@thi.ng/random': 3.7.5

  '@thi.ng/associative@6.3.59':
    dependencies:
      '@thi.ng/api': 8.11.1
      '@thi.ng/arrays': 2.9.5
      '@thi.ng/binary': 3.4.24
      '@thi.ng/checks': 3.6.3
      '@thi.ng/compare': 2.3.4
      '@thi.ng/dcons': 3.2.112
      '@thi.ng/equiv': 2.1.57
      '@thi.ng/errors': 2.5.6
      '@thi.ng/random': 3.7.5
      '@thi.ng/transducers': 9.0.4
      tslib: 2.6.2

  '@thi.ng/atom@5.2.45':
    dependencies:
      '@thi.ng/api': 8.11.1
      '@thi.ng/equiv': 2.1.57
      '@thi.ng/errors': 2.5.6
      '@thi.ng/paths': 5.1.80
      tslib: 2.6.2

  '@thi.ng/binary@3.4.24':
    dependencies:
      '@thi.ng/api': 8.11.1

  '@thi.ng/checks@3.6.3':
    dependencies:
      tslib: 2.6.2

  '@thi.ng/compare@2.3.4':
    dependencies:
      '@thi.ng/api': 8.11.1

  '@thi.ng/compose@3.0.3':
    dependencies:
      '@thi.ng/api': 8.11.1
      '@thi.ng/errors': 2.5.6

  '@thi.ng/dcons@3.2.112':
    dependencies:
      '@thi.ng/api': 8.11.1
      '@thi.ng/checks': 3.6.3
      '@thi.ng/compare': 2.3.4
      '@thi.ng/equiv': 2.1.57
      '@thi.ng/errors': 2.5.6
      '@thi.ng/random': 3.7.5
      '@thi.ng/transducers': 9.0.4

  '@thi.ng/equiv@2.1.57': {}

  '@thi.ng/errors@2.5.6': {}

  '@thi.ng/hex@2.3.45': {}

  '@thi.ng/hiccup@5.2.0':
    dependencies:
      '@thi.ng/api': 8.11.1
      '@thi.ng/checks': 3.6.3
      '@thi.ng/errors': 2.5.6
      '@thi.ng/strings': 3.7.32

  '@thi.ng/logger@3.0.11': {}

  '@thi.ng/math@5.10.12':
    dependencies:
      '@thi.ng/api': 8.11.1

  '@thi.ng/memoize@3.3.3':
    dependencies:
      '@thi.ng/api': 8.11.1

  '@thi.ng/paths@5.1.80':
    dependencies:
      '@thi.ng/api': 8.11.1
      '@thi.ng/checks': 3.6.3
      '@thi.ng/errors': 2.5.6

  '@thi.ng/prefixes@2.3.18': {}

  '@thi.ng/random@3.7.5':
    dependencies:
      '@thi.ng/api': 8.11.1
      '@thi.ng/checks': 3.6.3
      '@thi.ng/errors': 2.5.6
      '@thi.ng/hex': 2.3.45

  '@thi.ng/rdom@1.3.3':
    dependencies:
      '@thi.ng/api': 8.11.1
      '@thi.ng/checks': 3.6.3
      '@thi.ng/errors': 2.5.6
      '@thi.ng/hiccup': 5.2.0
      '@thi.ng/paths': 5.1.80
      '@thi.ng/prefixes': 2.3.18
      '@thi.ng/rstream': 8.4.3
      '@thi.ng/strings': 3.7.32

  '@thi.ng/rstream@8.4.3':
    dependencies:
      '@thi.ng/api': 8.11.1
      '@thi.ng/arrays': 2.9.5
      '@thi.ng/associative': 6.3.59
      '@thi.ng/atom': 5.2.45
      '@thi.ng/checks': 3.6.3
      '@thi.ng/errors': 2.5.6
      '@thi.ng/logger': 3.0.11
      '@thi.ng/transducers': 9.0.4

  '@thi.ng/strings@3.7.32':
    dependencies:
      '@thi.ng/api': 8.11.1
      '@thi.ng/errors': 2.5.6
      '@thi.ng/hex': 2.3.45
      '@thi.ng/memoize': 3.3.3

  '@thi.ng/transducers@9.0.4':
    dependencies:
      '@thi.ng/api': 8.11.1
      '@thi.ng/arrays': 2.9.5
      '@thi.ng/checks': 3.6.3
      '@thi.ng/compare': 2.3.4
      '@thi.ng/compose': 3.0.3
      '@thi.ng/errors': 2.5.6
      '@thi.ng/math': 5.10.12
      '@thi.ng/random': 3.7.5

  tslib@2.6.2: {}
